
Microsoft Visual Studio Solution File, Format Version 12.00
# Visual Studio Version 16
VisualStudioVersion = 16.0.31205.134
MinimumVisualStudioVersion = 10.0.40219.1
Project("{FAE04EC0-301F-11D3-BF4B-00C04F79EFBC}") = "mathApp", "mathApp.csproj", "{5872762B-7D7E-4738-ABD1-C857920B6F47}"
EndProject
Global
	GlobalSection(SolutionConfigurationPlatforms) = preSolution
		Debug|Any CPU = Debug|Any CPU
		Release|Any CPU = Release|Any CPU
	EndGlobalSection
	GlobalSection(ProjectConfigurationPlatforms) = postSolution
		{5872762B-7D7E-4738-ABD1-C857920B6F47}.Debug|Any CPU.ActiveCfg = Debug|Any CPU
		{5872762B-7D7E-4738-ABD1-C857920B6F47}.Debug|Any CPU.Build.0 = Debug|Any CPU
		{5872762B-7D7E-4738-ABD1-C857920B6F47}.Release|Any CPU.ActiveCfg = Release|Any CPU
		{5872762B-7D7E-4738-ABD1-C857920B6F47}.Release|Any CPU.Build.0 = Release|Any CPU
	EndGlobalSection
	GlobalSection(SolutionProperties) = preSolution
		HideSolutionNode = FALSE
	EndGlobalSection
	GlobalSection(ExtensibilityGlobals) = postSolution
		SolutionGuid = {A21F58FC-BE71-4AC9-8B88-D3BE624DCA2A}
	EndGlobalSection
EndGlobal
